{
	"name": "@unico/element-yaxis",
	"version": "0.1.0",
	"lockfileVersion": 1,
	"requires": true,
	"dependencies": {
		"d3-axis": {
			"version": "2.0.0",
			"resolved": "https://registry.npmjs.org/d3-axis/-/d3-axis-2.0.0.tgz",
			"integrity": "sha512-9nzB0uePtb+u9+dWir+HTuEAKJOEUYJoEwbJPsZ1B4K3iZUgzJcSENQ05Nj7S4CIfbZZ8/jQGoUzGKFznBhiiQ=="
		}
	}
}